
Microsoft Visual Studio Solution File, Format Version 12.00
# Visual Studio Version 16
VisualStudioVersion = 16.0.31729.503
MinimumVisualStudioVersion = 10.0.40219.1
Project("{FAE04EC0-301F-11D3-BF4B-00C04F79EFBC}") = "WebAdvert.SearchWorker", "WebAdvert.SearchWorker\WebAdvert.SearchWorker.csproj", "{AC25C90C-AD21-41FD-B532-898348DBF46B}"
EndProject
Global
	GlobalSection(SolutionConfigurationPlatforms) = preSolution
		Debug|Any CPU = Debug|Any CPU
		Release|Any CPU = Release|Any CPU
	EndGlobalSection
	GlobalSection(ProjectConfigurationPlatforms) = postSolution
		{AC25C90C-AD21-41FD-B532-898348DBF46B}.Debug|Any CPU.ActiveCfg = Debug|Any CPU
		{AC25C90C-AD21-41FD-B532-898348DBF46B}.Debug|Any CPU.Build.0 = Debug|Any CPU
		{AC25C90C-AD21-41FD-B532-898348DBF46B}.Release|Any CPU.ActiveCfg = Release|Any CPU
		{AC25C90C-AD21-41FD-B532-898348DBF46B}.Release|Any CPU.Build.0 = Release|Any CPU
	EndGlobalSection
	GlobalSection(SolutionProperties) = preSolution
		HideSolutionNode = FALSE
	EndGlobalSection
	GlobalSection(ExtensibilityGlobals) = postSolution
		SolutionGuid = {D5B515E5-B398-456E-81A9-CCA191914BA4}
	EndGlobalSection
EndGlobal
